
Microsoft Visual Studio Solution File, Format Version 12.00
# Visual Studio 15
VisualStudioVersion = 15.0.28010.2036
MinimumVisualStudioVersion = 10.0.40219.1
Project("{FAE04EC0-301F-11D3-BF4B-00C04F79EFBC}") = "CRUD", "CRUD\CRUD.csproj", "{443412EA-D0F5-4DC7-BF14-0D038F5C131A}"
EndProject
Project("{FAE04EC0-301F-11D3-BF4B-00C04F79EFBC}") = "CRUD.Model", "CRUD.Model\CRUD.Model.csproj", "{77A35CB8-E574-4AA3-8631-DF10811266B4}"
EndProject
Project("{FAE04EC0-301F-11D3-BF4B-00C04F79EFBC}") = "CRUD.DatabaseContext", "CRUD.DatabaseContext\CRUD.DatabaseContext.csproj", "{8B99EFA5-BC8A-4F03-8CF1-7FB4D69EDF67}"
EndProject
Project("{FAE04EC0-301F-11D3-BF4B-00C04F79EFBC}") = "CRUD.Repository", "CRUD.Repository\CRUD.Repository.csproj", "{168E0CAA-9A92-49D5-8F41-5B756824CBFD}"
EndProject
Project("{FAE04EC0-301F-11D3-BF4B-00C04F79EFBC}") = "CRUD.BLL", "CRUD.BLL\CRUD.BLL.csproj", "{3E109F27-2AA9-4B79-802F-408BB46317A5}"
EndProject
Global
	GlobalSection(SolutionConfigurationPlatforms) = preSolution
		Debug|Any CPU = Debug|Any CPU
		Release|Any CPU = Release|Any CPU
	EndGlobalSection
	GlobalSection(ProjectConfigurationPlatforms) = postSolution
		{443412EA-D0F5-4DC7-BF14-0D038F5C131A}.Debug|Any CPU.ActiveCfg = Debug|Any CPU
		{443412EA-D0F5-4DC7-BF14-0D038F5C131A}.Debug|Any CPU.Build.0 = Debug|Any CPU
		{443412EA-D0F5-4DC7-BF14-0D038F5C131A}.Release|Any CPU.ActiveCfg = Release|Any CPU
		{443412EA-D0F5-4DC7-BF14-0D038F5C131A}.Release|Any CPU.Build.0 = Release|Any CPU
		{77A35CB8-E574-4AA3-8631-DF10811266B4}.Debug|Any CPU.ActiveCfg = Debug|Any CPU
		{77A35CB8-E574-4AA3-8631-DF10811266B4}.Debug|Any CPU.Build.0 = Debug|Any CPU
		{77A35CB8-E574-4AA3-8631-DF10811266B4}.Release|Any CPU.ActiveCfg = Release|Any CPU
		{77A35CB8-E574-4AA3-8631-DF10811266B4}.Release|Any CPU.Build.0 = Release|Any CPU
		{8B99EFA5-BC8A-4F03-8CF1-7FB4D69EDF67}.Debug|Any CPU.ActiveCfg = Debug|Any CPU
		{8B99EFA5-BC8A-4F03-8CF1-7FB4D69EDF67}.Debug|Any CPU.Build.0 = Debug|Any CPU
		{8B99EFA5-BC8A-4F03-8CF1-7FB4D69EDF67}.Release|Any CPU.ActiveCfg = Release|Any CPU
		{8B99EFA5-BC8A-4F03-8CF1-7FB4D69EDF67}.Release|Any CPU.Build.0 = Release|Any CPU
		{168E0CAA-9A92-49D5-8F41-5B756824CBFD}.Debug|Any CPU.ActiveCfg = Debug|Any CPU
		{168E0CAA-9A92-49D5-8F41-5B756824CBFD}.Debug|Any CPU.Build.0 = Debug|Any CPU
		{168E0CAA-9A92-49D5-8F41-5B756824CBFD}.Release|Any CPU.ActiveCfg = Release|Any CPU
		{168E0CAA-9A92-49D5-8F41-5B756824CBFD}.Release|Any CPU.Build.0 = Release|Any CPU
		{3E109F27-2AA9-4B79-802F-408BB46317A5}.Debug|Any CPU.ActiveCfg = Debug|Any CPU
		{3E109F27-2AA9-4B79-802F-408BB46317A5}.Debug|Any CPU.Build.0 = Debug|Any CPU
		{3E109F27-2AA9-4B79-802F-408BB46317A5}.Release|Any CPU.ActiveCfg = Release|Any CPU
		{3E109F27-2AA9-4B79-802F-408BB46317A5}.Release|Any CPU.Build.0 = Release|Any CPU
	EndGlobalSection
	GlobalSection(SolutionProperties) = preSolution
		HideSolutionNode = FALSE
	EndGlobalSection
	GlobalSection(ExtensibilityGlobals) = postSolution
		SolutionGuid = {5F370217-9D7F-4EE8-A68C-CA2B3CB45482}
	EndGlobalSection
EndGlobal
